
Microsoft Visual Studio Solution File, Format Version 12.00
# Visual Studio 14
VisualStudioVersion = 14.0.25420.1
MinimumVisualStudioVersion = 10.0.40219.1
Project("{FAE04EC0-301F-11D3-BF4B-00C04F79EFBC}") = "EFWeb", "EFWeb\EFWeb.csproj", "{C6AD0136-7AD1-472E-824A-9F786A1662EF}"
EndProject
Project("{FAE04EC0-301F-11D3-BF4B-00C04F79EFBC}") = "EFWeb.Data", "EFWeb.Data\EFWeb.Data.csproj", "{893546B7-4F16-4A88-8408-DCE5F727EE47}"
EndProject
Project("{FAE04EC0-301F-11D3-BF4B-00C04F79EFBC}") = "EFWeb.Model", "EFWeb.Model\EFWeb.Model.csproj", "{714F2552-C25E-4BA1-8C5F-FC10EBE285F9}"
EndProject
Global
	GlobalSection(SolutionConfigurationPlatforms) = preSolution
		Debug|Any CPU = Debug|Any CPU
		Release|Any CPU = Release|Any CPU
	EndGlobalSection
	GlobalSection(ProjectConfigurationPlatforms) = postSolution
		{C6AD0136-7AD1-472E-824A-9F786A1662EF}.Debug|Any CPU.ActiveCfg = Debug|Any CPU
		{C6AD0136-7AD1-472E-824A-9F786A1662EF}.Debug|Any CPU.Build.0 = Debug|Any CPU
		{C6AD0136-7AD1-472E-824A-9F786A1662EF}.Release|Any CPU.ActiveCfg = Release|Any CPU
		{C6AD0136-7AD1-472E-824A-9F786A1662EF}.Release|Any CPU.Build.0 = Release|Any CPU
		{893546B7-4F16-4A88-8408-DCE5F727EE47}.Debug|Any CPU.ActiveCfg = Debug|Any CPU
		{893546B7-4F16-4A88-8408-DCE5F727EE47}.Debug|Any CPU.Build.0 = Debug|Any CPU
		{893546B7-4F16-4A88-8408-DCE5F727EE47}.Release|Any CPU.ActiveCfg = Release|Any CPU
		{893546B7-4F16-4A88-8408-DCE5F727EE47}.Release|Any CPU.Build.0 = Release|Any CPU
		{714F2552-C25E-4BA1-8C5F-FC10EBE285F9}.Debug|Any CPU.ActiveCfg = Debug|Any CPU
		{714F2552-C25E-4BA1-8C5F-FC10EBE285F9}.Debug|Any CPU.Build.0 = Debug|Any CPU
		{714F2552-C25E-4BA1-8C5F-FC10EBE285F9}.Release|Any CPU.ActiveCfg = Release|Any CPU
		{714F2552-C25E-4BA1-8C5F-FC10EBE285F9}.Release|Any CPU.Build.0 = Release|Any CPU
	EndGlobalSection
	GlobalSection(SolutionProperties) = preSolution
		HideSolutionNode = FALSE
	EndGlobalSection
EndGlobal
