
Microsoft Visual Studio Solution File, Format Version 12.00
# Visual Studio 14
VisualStudioVersion = 14.0.25123.0
MinimumVisualStudioVersion = 10.0.40219.1
Project("{FAE04EC0-301F-11D3-BF4B-00C04F79EFBC}") = "InputWordLettersCheck", "InputWordLettersCheck\InputWordLettersCheck.csproj", "{94A47B7D-BC68-435D-AC6E-68C09F15C733}"
EndProject
Project("{FAE04EC0-301F-11D3-BF4B-00C04F79EFBC}") = "PersonTask", "PersonTask\PersonTask.csproj", "{0967A2FA-127D-4A01-A6DA-CC9C3D03C970}"
EndProject
Project("{FAE04EC0-301F-11D3-BF4B-00C04F79EFBC}") = "StudentsAndCourses", "StudentsAndCourses\StudentsAndCourses.csproj", "{142C7AF6-B9A1-4BA9-9191-58FC78A2D79F}"
EndProject
Project("{FAE04EC0-301F-11D3-BF4B-00C04F79EFBC}") = "StudentTasksGrades", "StudentTasksGrades\StudentTasksGrades.csproj", "{5039BD1C-E71F-4197-8CB9-902BA3C60DE1}"
EndProject
Project("{FAE04EC0-301F-11D3-BF4B-00C04F79EFBC}") = "PolymorphicVehicles", "PolymorphicVehicles\PolymorphicVehicles.csproj", "{92F9FD53-812E-407F-B6F5-64C0929138A4}"
EndProject
Project("{FAE04EC0-301F-11D3-BF4B-00C04F79EFBC}") = "SortingArrays", "SortingArrays\SortingArrays.csproj", "{719EF071-0231-4F3A-B4AF-D404725CCF76}"
EndProject
Project("{FAE04EC0-301F-11D3-BF4B-00C04F79EFBC}") = "Delegates", "Delegates\Delegates.csproj", "{8E034923-A76B-4224-AB35-80BE7946A34C}"
EndProject
Project("{FAE04EC0-301F-11D3-BF4B-00C04F79EFBC}") = "Delegates2", "Delegates2\Delegates2.csproj", "{1D340C9E-1246-44ED-AC08-A71648098CD6}"
EndProject
Project("{FAE04EC0-301F-11D3-BF4B-00C04F79EFBC}") = "Events", "Events\Events.csproj", "{EFE8C2E1-6152-450B-81D5-3A58EB2F2044}"
EndProject
Project("{FAE04EC0-301F-11D3-BF4B-00C04F79EFBC}") = "MadListTask", "MadListTask\MadListTask.csproj", "{E9C4B4FD-CE56-401F-A8AB-0D6A616886A2}"
EndProject
Project("{FAE04EC0-301F-11D3-BF4B-00C04F79EFBC}") = "GenericMadList", "GenericMadList\GenericMadList.csproj", "{9DB360FD-3474-4314-954B-E7058AA70FB0}"
EndProject
Project("{FAE04EC0-301F-11D3-BF4B-00C04F79EFBC}") = "Dictionaries", "Dictionaries\Dictionaries.csproj", "{E8E1ECA4-ADEA-4B43-9139-959D981F912F}"
EndProject
Project("{FAE04EC0-301F-11D3-BF4B-00C04F79EFBC}") = "HashSets", "HashSets\HashSets.csproj", "{A176D16E-3861-4F47-80DD-606460BD5734}"
EndProject
Project("{FAE04EC0-301F-11D3-BF4B-00C04F79EFBC}") = "SortedSets", "SortedSets\SortedSets.csproj", "{A6A446D3-8C25-4D6D-A9AB-75A22FC9BA9E}"
EndProject
Project("{FAE04EC0-301F-11D3-BF4B-00C04F79EFBC}") = "QueuesAndStacks", "QueuesAndStacks\QueuesAndStacks.csproj", "{11638527-BCFA-4E45-8B3A-8A75FD5855EE}"
EndProject
Project("{FAE04EC0-301F-11D3-BF4B-00C04F79EFBC}") = "Files", "Files\Files.csproj", "{E7A572EF-41EA-4744-9F77-45798D1328FD}"
EndProject
Project("{FAE04EC0-301F-11D3-BF4B-00C04F79EFBC}") = "XmlStudents", "XmlStudents\XmlStudents.csproj", "{17B8243B-AA61-4270-8E5A-FB51D047C19B}"
EndProject
Global
	GlobalSection(SolutionConfigurationPlatforms) = preSolution
		Debug|Any CPU = Debug|Any CPU
		Release|Any CPU = Release|Any CPU
	EndGlobalSection
	GlobalSection(ProjectConfigurationPlatforms) = postSolution
		{94A47B7D-BC68-435D-AC6E-68C09F15C733}.Debug|Any CPU.ActiveCfg = Debug|Any CPU
		{94A47B7D-BC68-435D-AC6E-68C09F15C733}.Debug|Any CPU.Build.0 = Debug|Any CPU
		{94A47B7D-BC68-435D-AC6E-68C09F15C733}.Release|Any CPU.ActiveCfg = Release|Any CPU
		{94A47B7D-BC68-435D-AC6E-68C09F15C733}.Release|Any CPU.Build.0 = Release|Any CPU
		{0967A2FA-127D-4A01-A6DA-CC9C3D03C970}.Debug|Any CPU.ActiveCfg = Debug|Any CPU
		{0967A2FA-127D-4A01-A6DA-CC9C3D03C970}.Debug|Any CPU.Build.0 = Debug|Any CPU
		{0967A2FA-127D-4A01-A6DA-CC9C3D03C970}.Release|Any CPU.ActiveCfg = Release|Any CPU
		{0967A2FA-127D-4A01-A6DA-CC9C3D03C970}.Release|Any CPU.Build.0 = Release|Any CPU
		{142C7AF6-B9A1-4BA9-9191-58FC78A2D79F}.Debug|Any CPU.ActiveCfg = Debug|Any CPU
		{142C7AF6-B9A1-4BA9-9191-58FC78A2D79F}.Debug|Any CPU.Build.0 = Debug|Any CPU
		{142C7AF6-B9A1-4BA9-9191-58FC78A2D79F}.Release|Any CPU.ActiveCfg = Release|Any CPU
		{142C7AF6-B9A1-4BA9-9191-58FC78A2D79F}.Release|Any CPU.Build.0 = Release|Any CPU
		{5039BD1C-E71F-4197-8CB9-902BA3C60DE1}.Debug|Any CPU.ActiveCfg = Debug|Any CPU
		{5039BD1C-E71F-4197-8CB9-902BA3C60DE1}.Debug|Any CPU.Build.0 = Debug|Any CPU
		{5039BD1C-E71F-4197-8CB9-902BA3C60DE1}.Release|Any CPU.ActiveCfg = Release|Any CPU
		{5039BD1C-E71F-4197-8CB9-902BA3C60DE1}.Release|Any CPU.Build.0 = Release|Any CPU
		{92F9FD53-812E-407F-B6F5-64C0929138A4}.Debug|Any CPU.ActiveCfg = Debug|Any CPU
		{92F9FD53-812E-407F-B6F5-64C0929138A4}.Debug|Any CPU.Build.0 = Debug|Any CPU
		{92F9FD53-812E-407F-B6F5-64C0929138A4}.Release|Any CPU.ActiveCfg = Release|Any CPU
		{92F9FD53-812E-407F-B6F5-64C0929138A4}.Release|Any CPU.Build.0 = Release|Any CPU
		{719EF071-0231-4F3A-B4AF-D404725CCF76}.Debug|Any CPU.ActiveCfg = Debug|Any CPU
		{719EF071-0231-4F3A-B4AF-D404725CCF76}.Debug|Any CPU.Build.0 = Debug|Any CPU
		{719EF071-0231-4F3A-B4AF-D404725CCF76}.Release|Any CPU.ActiveCfg = Release|Any CPU
		{719EF071-0231-4F3A-B4AF-D404725CCF76}.Release|Any CPU.Build.0 = Release|Any CPU
		{8E034923-A76B-4224-AB35-80BE7946A34C}.Debug|Any CPU.ActiveCfg = Debug|Any CPU
		{8E034923-A76B-4224-AB35-80BE7946A34C}.Debug|Any CPU.Build.0 = Debug|Any CPU
		{8E034923-A76B-4224-AB35-80BE7946A34C}.Release|Any CPU.ActiveCfg = Release|Any CPU
		{8E034923-A76B-4224-AB35-80BE7946A34C}.Release|Any CPU.Build.0 = Release|Any CPU
		{1D340C9E-1246-44ED-AC08-A71648098CD6}.Debug|Any CPU.ActiveCfg = Debug|Any CPU
		{1D340C9E-1246-44ED-AC08-A71648098CD6}.Debug|Any CPU.Build.0 = Debug|Any CPU
		{1D340C9E-1246-44ED-AC08-A71648098CD6}.Release|Any CPU.ActiveCfg = Release|Any CPU
		{1D340C9E-1246-44ED-AC08-A71648098CD6}.Release|Any CPU.Build.0 = Release|Any CPU
		{EFE8C2E1-6152-450B-81D5-3A58EB2F2044}.Debug|Any CPU.ActiveCfg = Debug|Any CPU
		{EFE8C2E1-6152-450B-81D5-3A58EB2F2044}.Debug|Any CPU.Build.0 = Debug|Any CPU
		{EFE8C2E1-6152-450B-81D5-3A58EB2F2044}.Release|Any CPU.ActiveCfg = Release|Any CPU
		{EFE8C2E1-6152-450B-81D5-3A58EB2F2044}.Release|Any CPU.Build.0 = Release|Any CPU
		{E9C4B4FD-CE56-401F-A8AB-0D6A616886A2}.Debug|Any CPU.ActiveCfg = Debug|Any CPU
		{E9C4B4FD-CE56-401F-A8AB-0D6A616886A2}.Debug|Any CPU.Build.0 = Debug|Any CPU
		{E9C4B4FD-CE56-401F-A8AB-0D6A616886A2}.Release|Any CPU.ActiveCfg = Release|Any CPU
		{E9C4B4FD-CE56-401F-A8AB-0D6A616886A2}.Release|Any CPU.Build.0 = Release|Any CPU
		{9DB360FD-3474-4314-954B-E7058AA70FB0}.Debug|Any CPU.ActiveCfg = Debug|Any CPU
		{9DB360FD-3474-4314-954B-E7058AA70FB0}.Debug|Any CPU.Build.0 = Debug|Any CPU
		{9DB360FD-3474-4314-954B-E7058AA70FB0}.Release|Any CPU.ActiveCfg = Release|Any CPU
		{9DB360FD-3474-4314-954B-E7058AA70FB0}.Release|Any CPU.Build.0 = Release|Any CPU
		{E8E1ECA4-ADEA-4B43-9139-959D981F912F}.Debug|Any CPU.ActiveCfg = Debug|Any CPU
		{E8E1ECA4-ADEA-4B43-9139-959D981F912F}.Debug|Any CPU.Build.0 = Debug|Any CPU
		{E8E1ECA4-ADEA-4B43-9139-959D981F912F}.Release|Any CPU.ActiveCfg = Release|Any CPU
		{E8E1ECA4-ADEA-4B43-9139-959D981F912F}.Release|Any CPU.Build.0 = Release|Any CPU
		{A176D16E-3861-4F47-80DD-606460BD5734}.Debug|Any CPU.ActiveCfg = Debug|Any CPU
		{A176D16E-3861-4F47-80DD-606460BD5734}.Debug|Any CPU.Build.0 = Debug|Any CPU
		{A176D16E-3861-4F47-80DD-606460BD5734}.Release|Any CPU.ActiveCfg = Release|Any CPU
		{A176D16E-3861-4F47-80DD-606460BD5734}.Release|Any CPU.Build.0 = Release|Any CPU
		{A6A446D3-8C25-4D6D-A9AB-75A22FC9BA9E}.Debug|Any CPU.ActiveCfg = Debug|Any CPU
		{A6A446D3-8C25-4D6D-A9AB-75A22FC9BA9E}.Debug|Any CPU.Build.0 = Debug|Any CPU
		{A6A446D3-8C25-4D6D-A9AB-75A22FC9BA9E}.Release|Any CPU.ActiveCfg = Release|Any CPU
		{A6A446D3-8C25-4D6D-A9AB-75A22FC9BA9E}.Release|Any CPU.Build.0 = Release|Any CPU
		{11638527-BCFA-4E45-8B3A-8A75FD5855EE}.Debug|Any CPU.ActiveCfg = Debug|Any CPU
		{11638527-BCFA-4E45-8B3A-8A75FD5855EE}.Debug|Any CPU.Build.0 = Debug|Any CPU
		{11638527-BCFA-4E45-8B3A-8A75FD5855EE}.Release|Any CPU.ActiveCfg = Release|Any CPU
		{11638527-BCFA-4E45-8B3A-8A75FD5855EE}.Release|Any CPU.Build.0 = Release|Any CPU
		{E7A572EF-41EA-4744-9F77-45798D1328FD}.Debug|Any CPU.ActiveCfg = Debug|Any CPU
		{E7A572EF-41EA-4744-9F77-45798D1328FD}.Debug|Any CPU.Build.0 = Debug|Any CPU
		{E7A572EF-41EA-4744-9F77-45798D1328FD}.Release|Any CPU.ActiveCfg = Release|Any CPU
		{E7A572EF-41EA-4744-9F77-45798D1328FD}.Release|Any CPU.Build.0 = Release|Any CPU
		{17B8243B-AA61-4270-8E5A-FB51D047C19B}.Debug|Any CPU.ActiveCfg = Debug|Any CPU
		{17B8243B-AA61-4270-8E5A-FB51D047C19B}.Debug|Any CPU.Build.0 = Debug|Any CPU
		{17B8243B-AA61-4270-8E5A-FB51D047C19B}.Release|Any CPU.ActiveCfg = Release|Any CPU
		{17B8243B-AA61-4270-8E5A-FB51D047C19B}.Release|Any CPU.Build.0 = Release|Any CPU
	EndGlobalSection
	GlobalSection(SolutionProperties) = preSolution
		HideSolutionNode = FALSE
	EndGlobalSection
EndGlobal
